
Microsoft Visual Studio Solution File, Format Version 12.00
# Visual Studio Version 17
VisualStudioVersion = 17.14.36221.1
MinimumVisualStudioVersion = 10.0.40219.1
Project("{FAE04EC0-301F-11D3-BF4B-00C04F79EFBC}") = "OpenFilesWithErrors", "OpenFilesWithErrors\OpenFilesWithErrors.csproj", "{B7D805F5-FD9E-49EE-97DE-8A450151FB52}"
EndProject
Global
	GlobalSection(SolutionConfigurationPlatforms) = preSolution
		Debug|Any CPU = Debug|Any CPU
		Debug|arm64 = Debug|arm64
		Debug|x86 = Debug|x86
		Release|Any CPU = Release|Any CPU
		Release|arm64 = Release|arm64
		Release|x86 = Release|x86
	EndGlobalSection
	GlobalSection(ProjectConfigurationPlatforms) = postSolution
		{B7D805F5-FD9E-49EE-97DE-8A450151FB52}.Debug|Any CPU.ActiveCfg = Debug|Any CPU
		{B7D805F5-FD9E-49EE-97DE-8A450151FB52}.Debug|Any CPU.Build.0 = Debug|Any CPU
		{B7D805F5-FD9E-49EE-97DE-8A450151FB52}.Debug|arm64.ActiveCfg = Debug|arm64
		{B7D805F5-FD9E-49EE-97DE-8A450151FB52}.Debug|arm64.Build.0 = Debug|arm64
		{B7D805F5-FD9E-49EE-97DE-8A450151FB52}.Debug|x86.ActiveCfg = Debug|x86
		{B7D805F5-FD9E-49EE-97DE-8A450151FB52}.Debug|x86.Build.0 = Debug|x86
		{B7D805F5-FD9E-49EE-97DE-8A450151FB52}.Release|Any CPU.ActiveCfg = Release|Any CPU
		{B7D805F5-FD9E-49EE-97DE-8A450151FB52}.Release|Any CPU.Build.0 = Release|Any CPU
		{B7D805F5-FD9E-49EE-97DE-8A450151FB52}.Release|arm64.ActiveCfg = Release|arm64
		{B7D805F5-FD9E-49EE-97DE-8A450151FB52}.Release|arm64.Build.0 = Release|arm64
		{B7D805F5-FD9E-49EE-97DE-8A450151FB52}.Release|x86.ActiveCfg = Release|x86
		{B7D805F5-FD9E-49EE-97DE-8A450151FB52}.Release|x86.Build.0 = Release|x86
	EndGlobalSection
	GlobalSection(SolutionProperties) = preSolution
		HideSolutionNode = FALSE
	EndGlobalSection
	GlobalSection(ExtensibilityGlobals) = postSolution
		SolutionGuid = {426668C0-BD8C-4CE5-AAF0-D144B22EE96A}
	EndGlobalSection
EndGlobal
